
Microsoft Visual Studio Solution File, Format Version 12.00
# Visual Studio Version 16
VisualStudioVersion = 25.0.1705.2
MinimumVisualStudioVersion = 10.0.40219.1
Project("{FAE04EC0-301F-11D3-BF4B-00C04F79EFBC}") = "Bot", "Bot\Bot.csproj", "{773B21F8-FA8C-4921-841B-EDEF4884C270}"
EndProject
Global
	GlobalSection(SolutionConfigurationPlatforms) = preSolution
		Debug|Any CPU = Debug|Any CPU
		Release|Any CPU = Release|Any CPU
	EndGlobalSection
	GlobalSection(ProjectConfigurationPlatforms) = postSolution
		{773B21F8-FA8C-4921-841B-EDEF4884C270}.Debug|Any CPU.ActiveCfg = Debug|Any CPU
		{773B21F8-FA8C-4921-841B-EDEF4884C270}.Debug|Any CPU.Build.0 = Debug|Any CPU
		{773B21F8-FA8C-4921-841B-EDEF4884C270}.Release|Any CPU.ActiveCfg = Release|Any CPU
		{773B21F8-FA8C-4921-841B-EDEF4884C270}.Release|Any CPU.Build.0 = Release|Any CPU
	EndGlobalSection
	GlobalSection(SolutionProperties) = preSolution
		HideSolutionNode = FALSE
	EndGlobalSection
	GlobalSection(ExtensibilityGlobals) = postSolution
		SolutionGuid = {3E6AAF41-98DB-45BC-AD96-4C0F55E08E6F}
	EndGlobalSection
EndGlobal
